
Microsoft Visual Studio Solution File, Format Version 12.00
# Visual Studio 15
Project("{FAE04EC0-301F-11D3-BF4B-00C04F79EFBC}") = "Sirenix.OdinInspector.CompatibilityLayer.Editor", "Sirenix.OdinInspector.CompatibilityLayer.Editor.csproj", "{F8B3763E-A6B0-AD8C-6D84-D16A389E6E59}"
EndProject
Project("{FAE04EC0-301F-11D3-BF4B-00C04F79EFBC}") = "Assembly-CSharp", "Assembly-CSharp.csproj", "{6700945B-9F9E-5CF9-9FD0-EC19E65B2E26}"
EndProject
Project("{FAE04EC0-301F-11D3-BF4B-00C04F79EFBC}") = "Assembly-CSharp-firstpass", "Assembly-CSharp-firstpass.csproj", "{C168F02F-7008-634C-8590-4EF2E2A8B609}"
EndProject
Project("{FAE04EC0-301F-11D3-BF4B-00C04F79EFBC}") = "Sirenix.OdinInspector.CompatibilityLayer", "Sirenix.OdinInspector.CompatibilityLayer.csproj", "{CC6C4306-DE80-800C-0AB4-0CC066CEC4C4}"
EndProject
Project("{FAE04EC0-301F-11D3-BF4B-00C04F79EFBC}") = "Sirenix.OdinInspector.Modules.UnityMathematics", "Sirenix.OdinInspector.Modules.UnityMathematics.csproj", "{7635B984-F9A7-7296-2BDF-6C1502495051}"
EndProject
Global
	GlobalSection(SolutionConfigurationPlatforms) = preSolution
		Debug|Any CPU = Debug|Any CPU
		Release|Any CPU = Release|Any CPU
	EndGlobalSection
	GlobalSection(ProjectConfigurationPlatforms) = postSolution
		{F8B3763E-A6B0-AD8C-6D84-D16A389E6E59}.Debug|Any CPU.ActiveCfg = Debug|Any CPU
		{F8B3763E-A6B0-AD8C-6D84-D16A389E6E59}.Debug|Any CPU.Build.0 = Debug|Any CPU
		{F8B3763E-A6B0-AD8C-6D84-D16A389E6E59}.Release|Any CPU.ActiveCfg = Release|Any CPU
		{F8B3763E-A6B0-AD8C-6D84-D16A389E6E59}.Release|Any CPU.Build.0 = Release|Any CPU
		{6700945B-9F9E-5CF9-9FD0-EC19E65B2E26}.Debug|Any CPU.ActiveCfg = Debug|Any CPU
		{6700945B-9F9E-5CF9-9FD0-EC19E65B2E26}.Debug|Any CPU.Build.0 = Debug|Any CPU
		{6700945B-9F9E-5CF9-9FD0-EC19E65B2E26}.Release|Any CPU.ActiveCfg = Release|Any CPU
		{6700945B-9F9E-5CF9-9FD0-EC19E65B2E26}.Release|Any CPU.Build.0 = Release|Any CPU
		{C168F02F-7008-634C-8590-4EF2E2A8B609}.Debug|Any CPU.ActiveCfg = Debug|Any CPU
		{C168F02F-7008-634C-8590-4EF2E2A8B609}.Debug|Any CPU.Build.0 = Debug|Any CPU
		{C168F02F-7008-634C-8590-4EF2E2A8B609}.Release|Any CPU.ActiveCfg = Release|Any CPU
		{C168F02F-7008-634C-8590-4EF2E2A8B609}.Release|Any CPU.Build.0 = Release|Any CPU
		{CC6C4306-DE80-800C-0AB4-0CC066CEC4C4}.Debug|Any CPU.ActiveCfg = Debug|Any CPU
		{CC6C4306-DE80-800C-0AB4-0CC066CEC4C4}.Debug|Any CPU.Build.0 = Debug|Any CPU
		{CC6C4306-DE80-800C-0AB4-0CC066CEC4C4}.Release|Any CPU.ActiveCfg = Release|Any CPU
		{CC6C4306-DE80-800C-0AB4-0CC066CEC4C4}.Release|Any CPU.Build.0 = Release|Any CPU
		{7635B984-F9A7-7296-2BDF-6C1502495051}.Debug|Any CPU.ActiveCfg = Debug|Any CPU
		{7635B984-F9A7-7296-2BDF-6C1502495051}.Debug|Any CPU.Build.0 = Debug|Any CPU
		{7635B984-F9A7-7296-2BDF-6C1502495051}.Release|Any CPU.ActiveCfg = Release|Any CPU
		{7635B984-F9A7-7296-2BDF-6C1502495051}.Release|Any CPU.Build.0 = Release|Any CPU
	EndGlobalSection
	GlobalSection(SolutionProperties) = preSolution
		HideSolutionNode = FALSE
	EndGlobalSection
EndGlobal
